// !$*UTF8*$!
{
	archiveVersion = 1;
	classes = {
	};
	objectVersion = 50;
	objects = {

/* Begin PBXBuildFile section */
		953F78A726F740C20071ED7F /* AppDelegate.swift in Sources */ = {isa = PBXBuildFile; fileRef = 953F78A626F740C20071ED7F /* AppDelegate.swift */; };
		953F78A926F740C20071ED7F /* SceneDelegate.swift in Sources */ = {isa = PBXBuildFile; fileRef = 953F78A826F740C20071ED7F /* SceneDelegate.swift */; };
		953F78AB26F740C20071ED7F /* TodoListViewController.swift in Sources */ = {isa = PBXBuildFile; fileRef = 953F78AA26F740C20071ED7F /* TodoListViewController.swift */; };
		953F78AE26F740C20071ED7F /* Main.storyboard in Resources */ = {isa = PBXBuildFile; fileRef = 953F78AC26F740C20071ED7F /* Main.storyboard */; };
		953F78B026F740C70071ED7F /* Assets.xcassets in Resources */ = {isa = PBXBuildFile; fileRef = 953F78AF26F740C70071ED7F /* Assets.xcassets */; };
		953F78B326F740C70071ED7F /* LaunchScreen.storyboard in Resources */ = {isa = PBXBuildFile; fileRef = 953F78B126F740C70071ED7F /* LaunchScreen.storyboard */; };
		953F78BB26F7450D0071ED7F /* Constants.swift in Sources */ = {isa = PBXBuildFile; fileRef = 953F78BA26F7450D0071ED7F /* Constants.swift */; };
		95AD9DDF270C4D1100EBF5E0 /* DataModel.xcdatamodeld in Sources */ = {isa = PBXBuildFile; fileRef = 95AD9DDD270C4D1100EBF5E0 /* DataModel.xcdatamodeld */; };
/* End PBXBuildFile section */

/* Begin PBXFileReference section */
		953F78A326F740C20071ED7F /* Todoey_iOS13.app */ = {isa = PBXFileReference; explicitFileType = wrapper.application; includeInIndex = 0; path = Todoey_iOS13.app; sourceTree = BUILT_PRODUCTS_DIR; };
		953F78A626F740C20071ED7F /* AppDelegate.swift */ = {isa = PBXFileReference; lastKnownFileType = sourcecode.swift; path = AppDelegate.swift; sourceTree = "<group>"; };
		953F78A826F740C20071ED7F /* SceneDelegate.swift */ = {isa = PBXFileReference; lastKnownFileType = sourcecode.swift; path = SceneDelegate.swift; sourceTree = "<group>"; };
		953F78AA26F740C20071ED7F /* TodoListViewController.swift */ = {isa = PBXFileReference; lastKnownFileType = sourcecode.swift; path = TodoListViewController.swift; sourceTree = "<group>"; };
		953F78AD26F740C20071ED7F /* Base */ = {isa = PBXFileReference; lastKnownFileType = file.storyboard; name = Base; path = Base.lproj/Main.storyboard; sourceTree = "<group>"; };
		953F78AF26F740C70071ED7F /* Assets.xcassets */ = {isa = PBXFileReference; lastKnownFileType = folder.assetcatalog; path = Assets.xcassets; sourceTree = "<group>"; };
		953F78B226F740C70071ED7F /* Base */ = {isa = PBXFileReference; lastKnownFileType = file.storyboard; name = Base; path = Base.lproj/LaunchScreen.storyboard; sourceTree = "<group>"; };
		953F78B426F740C70071ED7F /* Info.plist */ = {isa = PBXFileReference; lastKnownFileType = text.plist.xml; path = Info.plist; sourceTree = "<group>"; };
		953F78BA26F7450D0071ED7F /* Constants.swift */ = {isa = PBXFileReference; lastKnownFileType = sourcecode.swift; path = Constants.swift; sourceTree = "<group>"; };
		95AD9DDE270C4D1100EBF5E0 /* DataModel.xcdatamodel */ = {isa = PBXFileReference; lastKnownFileType = wrapper.xcdatamodel; path = DataModel.xcdatamodel; sourceTree = "<group>"; };
/* End PBXFileReference section */

/* Begin PBXFrameworksBuildPhase section */
		953F78A026F740C20071ED7F /* Frameworks */ = {
			isa = PBXFrameworksBuildPhase;
			buildActionMask = 2147483647;
			files = (
			);
			runOnlyForDeploymentPostprocessing = 0;
		};
/* End PBXFrameworksBuildPhase section */

/* Begin PBXGroup section */
		953F789A26F740C20071ED7F = {
			isa = PBXGroup;
			children = (
				953F78A526F740C20071ED7F /* Todoey_iOS13 */,
				953F78A426F740C20071ED7F /* Products */,
			);
			sourceTree = "<group>";
		};
		953F78A426F740C20071ED7F /* Products */ = {
			isa = PBXGroup;
			children = (
				953F78A326F740C20071ED7F /* Todoey_iOS13.app */,
			);
			name = Products;
			sourceTree = "<group>";
		};
		953F78A526F740C20071ED7F /* Todoey_iOS13 */ = {
			isa = PBXGroup;
			children = (
				953F78A626F740C20071ED7F /* AppDelegate.swift */,
				953F78A826F740C20071ED7F /* SceneDelegate.swift */,
				95B6591E26FB504800D111CD /* Controllers */,
				95B6591D26FB503C00D111CD /* DataModel */,
				95B6591F26FB505E00D111CD /* Views */,
				95B6592026FB508200D111CD /* SupportingFiles */,
				953F78B426F740C70071ED7F /* Info.plist */,
				953F78BA26F7450D0071ED7F /* Constants.swift */,
			);
			path = Todoey_iOS13;
			sourceTree = "<group>";
		};
		95B6591D26FB503C00D111CD /* DataModel */ = {
			isa = PBXGroup;
			children = (
				95AD9DDD270C4D1100EBF5E0 /* DataModel.xcdatamodeld */,
			);
			path = DataModel;
			sourceTree = "<group>";
		};
		95B6591E26FB504800D111CD /* Controllers */ = {
			isa = PBXGroup;
			children = (
				953F78AA26F740C20071ED7F /* TodoListViewController.swift */,
			);
			path = Controllers;
			sourceTree = "<group>";
		};
		95B6591F26FB505E00D111CD /* Views */ = {
			isa = PBXGroup;
			children = (
				953F78AC26F740C20071ED7F /* Main.storyboard */,
			);
			path = Views;
			sourceTree = "<group>";
		};
		95B6592026FB508200D111CD /* SupportingFiles */ = {
			isa = PBXGroup;
			children = (
				953F78AF26F740C70071ED7F /* Assets.xcassets */,
				953F78B126F740C70071ED7F /* LaunchScreen.storyboard */,
			);
			path = SupportingFiles;
			sourceTree = "<group>";
		};
/* End PBXGroup section */

/* Begin PBXNativeTarget section */
		953F78A226F740C20071ED7F /* Todoey_iOS13 */ = {
			isa = PBXNativeTarget;
			buildConfigurationList = 953F78B726F740C70071ED7F /* Build configuration list for PBXNativeTarget "Todoey_iOS13" */;
			buildPhases = (
				953F789F26F740C20071ED7F /* Sources */,
				953F78A026F740C20071ED7F /* Frameworks */,
				953F78A126F740C20071ED7F /* Resources */,
			);
			buildRules = (
			);
			dependencies = (
			);
			name = Todoey_iOS13;
			productName = Todoey_iOS13;
			productReference = 953F78A326F740C20071ED7F /* Todoey_iOS13.app */;
			productType = "com.apple.product-type.application";
		};
/* End PBXNativeTarget section */

/* Begin PBXProject section */
		953F789B26F740C20071ED7F /* Project object */ = {
			isa = PBXProject;
			attributes = {
				LastSwiftUpdateCheck = 1250;
				LastUpgradeCheck = 1250;
				TargetAttributes = {
					953F78A226F740C20071ED7F = {
						CreatedOnToolsVersion = 12.5.1;
					};
				};
			};
			buildConfigurationList = 953F789E26F740C20071ED7F /* Build configuration list for PBXProject "Todoey_iOS13" */;
			compatibilityVersion = "Xcode 9.3";
			developmentRegion = en;
			hasScannedForEncodings = 0;
			knownRegions = (
				en,
				Base,
			);
			mainGroup = 953F789A26F740C20071ED7F;
			productRefGroup = 953F78A426F740C20071ED7F /* Products */;
			projectDirPath = "";
			projectRoot = "";
			targets = (
				953F78A226F740C20071ED7F /* Todoey_iOS13 */,
			);
		};
/* End PBXProject section */

/* Begin PBXResourcesBuildPhase section */
		953F78A126F740C20071ED7F /* Resources */ = {
			isa = PBXResourcesBuildPhase;
			buildActionMask = 2147483647;
			files = (
				953F78B326F740C70071ED7F /* LaunchScreen.storyboard in Resources */,
				953F78B026F740C70071ED7F /* Assets.xcassets in Resources */,
				953F78AE26F740C20071ED7F /* Main.storyboard in Resources */,
			);
			runOnlyForDeploymentPostprocessing = 0;
		};
/* End PBXResourcesBuildPhase section */

/* Begin PBXSourcesBuildPhase section */
		953F789F26F740C20071ED7F /* Sources */ = {
			isa = PBXSourcesBuildPhase;
			buildActionMask = 2147483647;
			files = (
				953F78AB26F740C20071ED7F /* TodoListViewController.swift in Sources */,
				953F78A726F740C20071ED7F /* AppDelegate.swift in Sources */,
				95AD9DDF270C4D1100EBF5E0 /* DataModel.xcdatamodeld in Sources */,
				953F78A926F740C20071ED7F /* SceneDelegate.swift in Sources */,
				953F78BB26F7450D0071ED7F /* Constants.swift in Sources */,
			);
			runOnlyForDeploymentPostprocessing = 0;
		};
/* End PBXSourcesBuildPhase section */

/* Begin PBXVariantGroup section */
		953F78AC26F740C20071ED7F /* Main.storyboard */ = {
			isa = PBXVariantGroup;
			children = (
				953F78AD26F740C20071ED7F /* Base */,
			);
			name = Main.storyboard;
			sourceTree = "<group>";
		};
		953F78B126F740C70071ED7F /* LaunchScreen.storyboard */ = {
			isa = PBXVariantGroup;
			children = (
				953F78B226F740C70071ED7F /* Base */,
			);
			name = LaunchScreen.storyboard;
			sourceTree = "<group>";
		};
/* End PBXVariantGroup section */

/* Begin XCBuildConfiguration section */
		953F78B526F740C70071ED7F /* Debug */ = {
			isa = XCBuildConfiguration;
			buildSettings = {
				ALWAYS_SEARCH_USER_PATHS = NO;
				CLANG_ANALYZER_NONNULL = YES;
				CLANG_ANALYZER_NUMBER_OBJECT_CONVERSION = YES_AGGRESSIVE;
				CLANG_CXX_LANGUAGE_STANDARD = "gnu++14";
				CLANG_CXX_LIBRARY = "libc++";
				CLANG_ENABLE_MODULES = YES;
				CLANG_ENABLE_OBJC_ARC = YES;
				CLANG_ENABLE_OBJC_WEAK = YES;
				CLANG_WARN_BLOCK_CAPTURE_AUTORELEASING = YES;
				CLANG_WARN_BOOL_CONVERSION = YES;
				CLANG_WARN_COMMA = YES;
				CLANG_WARN_CONSTANT_CONVERSION = YES;
				CLANG_WARN_DEPRECATED_OBJC_IMPLEMENTATIONS = YES;
				CLANG_WARN_DIRECT_OBJC_ISA_USAGE = YES_ERROR;
				CLANG_WARN_DOCUMENTATION_COMMENTS = YES;
				CLANG_WARN_EMPTY_BODY = YES;
				CLANG_WARN_ENUM_CONVERSION = YES;
				CLANG_WARN_INFINITE_RECURSION = YES;
				CLANG_WARN_INT_CONVERSION = YES;
				CLANG_WARN_NON_LITERAL_NULL_CONVERSION = YES;
				CLANG_WARN_OBJC_IMPLICIT_RETAIN_SELF = YES;
				CLANG_WARN_OBJC_LITERAL_CONVERSION = YES;
				CLANG_WARN_OBJC_ROOT_CLASS = YES_ERROR;
				CLANG_WARN_QUOTED_INCLUDE_IN_FRAMEWORK_HEADER = YES;
				CLANG_WARN_RANGE_LOOP_ANALYSIS = YES;
				CLANG_WARN_STRICT_PROTOTYPES = YES;
				CLANG_WARN_SUSPICIOUS_MOVE = YES;
				CLANG_WARN_UNGUARDED_AVAILABILITY = YES_AGGRESSIVE;
				CLANG_WARN_UNREACHABLE_CODE = YES;
				CLANG_WARN__DUPLICATE_METHOD_MATCH = YES;
				COPY_PHASE_STRIP = NO;
				DEBUG_INFORMATION_FORMAT = dwarf;
				ENABLE_STRICT_OBJC_MSGSEND = YES;
				ENABLE_TESTABILITY = YES;
				GCC_C_LANGUAGE_STANDARD = gnu11;
				GCC_DYNAMIC_NO_PIC = NO;
				GCC_NO_COMMON_BLOCKS = YES;
				GCC_OPTIMIZATION_LEVEL = 0;
				GCC_PREPROCESSOR_DEFINITIONS = (
					"DEBUG=1",
					"$(inherited)",
				);
				GCC_WARN_64_TO_32_BIT_CONVERSION = YES;
				GCC_WARN_ABOUT_RETURN_TYPE = YES_ERROR;
				GCC_WARN_UNDECLARED_SELECTOR = YES;
				GCC_WARN_UNINITIALIZED_AUTOS = YES_AGGRESSIVE;
				GCC_WARN_UNUSED_FUNCTION = YES;
				GCC_WARN_UNUSED_VARIABLE = YES;
				IPHONEOS_DEPLOYMENT_TARGET = 14.5;
				MTL_ENABLE_DEBUG_INFO = INCLUDE_SOURCE;
				MTL_FAST_MATH = YES;
				ONLY_ACTIVE_ARCH = YES;
				SDKROOT = iphoneos;
				SWIFT_ACTIVE_COMPILATION_CONDITIONS = DEBUG;
				SWIFT_OPTIMIZATION_LEVEL = "-Onone";
			};
			name = Debug;
		};
		953F78B626F740C70071ED7F /* Release */ = {
			isa = XCBuildConfiguration;
			buildSettings = {
				ALWAYS_SEARCH_USER_PATHS = NO;
				CLANG_ANALYZER_NONNULL = YES;
				CLANG_ANALYZER_NUMBER_OBJECT_CONVERSION = YES_AGGRESSIVE;
				CLANG_CXX_LANGUAGE_STANDARD = "gnu++14";
				CLANG_CXX_LIBRARY = "libc++";
				CLANG_ENABLE_MODULES = YES;
				CLANG_ENABLE_OBJC_ARC = YES;
				CLANG_ENABLE_OBJC_WEAK = YES;
				CLANG_WARN_BLOCK_CAPTURE_AUTORELEASING = YES;
				CLANG_WARN_BOOL_CONVERSION = YES;
				CLANG_WARN_COMMA = YES;
				CLANG_WARN_CONSTANT_CONVERSION = YES;
				CLANG_WARN_DEPRECATED_OBJC_IMPLEMENTATIONS = YES;
				CLANG_WARN_DIRECT_OBJC_ISA_USAGE = YES_ERROR;
				CLANG_WARN_DOCUMENTATION_COMMENTS = YES;
				CLANG_WARN_EMPTY_BODY = YES;
				CLANG_WARN_ENUM_CONVERSION = YES;
				CLANG_WARN_INFINITE_RECURSION = YES;
				CLANG_WARN_INT_CONVERSION = YES;
				CLANG_WARN_NON_LITERAL_NULL_CONVERSION = YES;
				CLANG_WARN_OBJC_IMPLICIT_RETAIN_SELF = YES;
				CLANG_WARN_OBJC_LITERAL_CONVERSION = YES;
				CLANG_WARN_OBJC_ROOT_CLASS = YES_ERROR;
				CLANG_WARN_QUOTED_INCLUDE_IN_FRAMEWORK_HEADER = YES;
				CLANG_WARN_RANGE_LOOP_ANALYSIS = YES;
				CLANG_WARN_STRICT_PROTOTYPES = YES;
				CLANG_WARN_SUSPICIOUS_MOVE = YES;
				CLANG_WARN_UNGUARDED_AVAILABILITY = YES_AGGRESSIVE;
				CLANG_WARN_UNREACHABLE_CODE = YES;
				CLANG_WARN__DUPLICATE_METHOD_MATCH = YES;
				COPY_PHASE_STRIP = NO;
				DEBUG_INFORMATION_FORMAT = "dwarf-with-dsym";
				ENABLE_NS_ASSERTIONS = NO;
				ENABLE_STRICT_OBJC_MSGSEND = YES;
				GCC_C_LANGUAGE_STANDARD = gnu11;
				GCC_NO_COMMON_BLOCKS = YES;
				GCC_WARN_64_TO_32_BIT_CONVERSION = YES;
				GCC_WARN_ABOUT_RETURN_TYPE = YES_ERROR;
				GCC_WARN_UNDECLARED_SELECTOR = YES;
				GCC_WARN_UNINITIALIZED_AUTOS = YES_AGGRESSIVE;
				GCC_WARN_UNUSED_FUNCTION = YES;
				GCC_WARN_UNUSED_VARIABLE = YES;
				IPHONEOS_DEPLOYMENT_TARGET = 14.5;
				MTL_ENABLE_DEBUG_INFO = NO;
				MTL_FAST_MATH = YES;
				SDKROOT = iphoneos;
				SWIFT_COMPILATION_MODE = wholemodule;
				SWIFT_OPTIMIZATION_LEVEL = "-O";
				VALIDATE_PRODUCT = YES;
			};
			name = Release;
		};
		953F78B826F740C70071ED7F /* Debug */ = {
			isa = XCBuildConfiguration;
			buildSettings = {
				ASSETCATALOG_COMPILER_APPICON_NAME = AppIcon;
				ASSETCATALOG_COMPILER_GLOBAL_ACCENT_COLOR_NAME = AccentColor;
				CODE_SIGN_STYLE = Automatic;
				INFOPLIST_FILE = Todoey_iOS13/Info.plist;
				IPHONEOS_DEPLOYMENT_TARGET = 13.0;
				LD_RUNPATH_SEARCH_PATHS = (
					"$(inherited)",
					"@executable_path/Frameworks",
				);
				PRODUCT_BUNDLE_IDENTIFIER = "com.tubayal.Todoey-iOS13";
				PRODUCT_NAME = "$(TARGET_NAME)";
				SWIFT_VERSION = 5.0;
				TARGETED_DEVICE_FAMILY = "1,2";
			};
			name = Debug;
		};
		953F78B926F740C70071ED7F /* Release */ = {
			isa = XCBuildConfiguration;
			buildSettings = {
				ASSETCATALOG_COMPILER_APPICON_NAME = AppIcon;
				ASSETCATALOG_COMPILER_GLOBAL_ACCENT_COLOR_NAME = AccentColor;
				CODE_SIGN_STYLE = Automatic;
				INFOPLIST_FILE = Todoey_iOS13/Info.plist;
				IPHONEOS_DEPLOYMENT_TARGET = 13.0;
				LD_RUNPATH_SEARCH_PATHS = (
					"$(inherited)",
					"@executable_path/Frameworks",
				);
				PRODUCT_BUNDLE_IDENTIFIER = "com.tubayal.Todoey-iOS13";
				PRODUCT_NAME = "$(TARGET_NAME)";
				SWIFT_VERSION = 5.0;
				TARGETED_DEVICE_FAMILY = "1,2";
			};
			name = Release;
		};
/* End XCBuildConfiguration section */

/* Begin XCConfigurationList section */
		953F789E26F740C20071ED7F /* Build configuration list for PBXProject "Todoey_iOS13" */ = {
			isa = XCConfigurationList;
			buildConfigurations = (
				953F78B526F740C70071ED7F /* Debug */,
				953F78B626F740C70071ED7F /* Release */,
			);
			defaultConfigurationIsVisible = 0;
			defaultConfigurationName = Release;
		};
		953F78B726F740C70071ED7F /* Build configuration list for PBXNativeTarget "Todoey_iOS13" */ = {
			isa = XCConfigurationList;
			buildConfigurations = (
				953F78B826F740C70071ED7F /* Debug */,
				953F78B926F740C70071ED7F /* Release */,
			);
			defaultConfigurationIsVisible = 0;
			defaultConfigurationName = Release;
		};
/* End XCConfigurationList section */

/* Begin XCVersionGroup section */
		95AD9DDD270C4D1100EBF5E0 /* DataModel.xcdatamodeld */ = {
			isa = XCVersionGroup;
			children = (
				95AD9DDE270C4D1100EBF5E0 /* DataModel.xcdatamodel */,
			);
			currentVersion = 95AD9DDE270C4D1100EBF5E0 /* DataModel.xcdatamodel */;
			path = DataModel.xcdatamodeld;
			sourceTree = "<group>";
			versionGroupType = wrapper.xcdatamodel;
		};
/* End XCVersionGroup section */
	};
	rootObject = 953F789B26F740C20071ED7F /* Project object */;
}
